
Microsoft Visual Studio Solution File, Format Version 12.00
# Visual Studio Version 17
VisualStudioVersion = 17.9.34728.123
MinimumVisualStudioVersion = 10.0.40219.1
Project("{FAE04EC0-301F-11D3-BF4B-00C04F79EFBC}") = "roupabox", "roupabox\roupabox.csproj", "{B3AC4B7D-BBD2-4C5C-8D2F-2D9B5D128364}"
EndProject
Global
	GlobalSection(SolutionConfigurationPlatforms) = preSolution
		Debug|Any CPU = Debug|Any CPU
		Release|Any CPU = Release|Any CPU
	EndGlobalSection
	GlobalSection(ProjectConfigurationPlatforms) = postSolution
		{B3AC4B7D-BBD2-4C5C-8D2F-2D9B5D128364}.Debug|Any CPU.ActiveCfg = Debug|Any CPU
		{B3AC4B7D-BBD2-4C5C-8D2F-2D9B5D128364}.Debug|Any CPU.Build.0 = Debug|Any CPU
		{B3AC4B7D-BBD2-4C5C-8D2F-2D9B5D128364}.Release|Any CPU.ActiveCfg = Release|Any CPU
		{B3AC4B7D-BBD2-4C5C-8D2F-2D9B5D128364}.Release|Any CPU.Build.0 = Release|Any CPU
	EndGlobalSection
	GlobalSection(SolutionProperties) = preSolution
		HideSolutionNode = FALSE
	EndGlobalSection
	GlobalSection(ExtensibilityGlobals) = postSolution
		SolutionGuid = {1C0B2003-2421-4945-AC39-F7C23A5CF547}
	EndGlobalSection
EndGlobal
